
Microsoft Visual Studio Solution File, Format Version 12.00
# Visual Studio Version 17
VisualStudioVersion = 17.14.36310.24
MinimumVisualStudioVersion = 10.0.40219.1
Project("{FAE04EC0-301F-11D3-BF4B-00C04F79EFBC}") = "Webjet.Movie.API", "Webjet.Movie.API\Webjet.Movie.API.csproj", "{2AA09C39-625F-4D7F-8B7B-284DF5DF53AB}"
EndProject
Project("{2150E333-8FDC-42A3-9474-1A3956D46DE8}") = "Documents", "Documents", "{02EA681E-C7D8-13C7-8484-4AC65E1B71E8}"
	ProjectSection(SolutionItems) = preProject
		..\Webjet Documents\CinemaWorld-Movie.txt = ..\Webjet Documents\CinemaWorld-Movie.txt
		..\Webjet Documents\CinemaWorld-Movies.txt = ..\Webjet Documents\CinemaWorld-Movies.txt
		..\Webjet Documents\FilmWorld-Movie.txt = ..\Webjet Documents\FilmWorld-Movie.txt
		..\Webjet Documents\FilmWorld-Movies.txt = ..\Webjet Documents\FilmWorld-Movies.txt
		..\Webjet Documents\Webjet Movies - Project Description.txt = ..\Webjet Documents\Webjet Movies - Project Description.txt
	EndProjectSection
EndProject
Project("{FAE04EC0-301F-11D3-BF4B-00C04F79EFBC}") = "Webjet.Movie.API.Tests", "Webjet.Movie.API.Tests\Webjet.Movie.API.Tests.csproj", "{B7EB5DE7-B45A-E91D-518B-797142DA5E44}"
EndProject
Global
	GlobalSection(SolutionConfigurationPlatforms) = preSolution
		Debug|Any CPU = Debug|Any CPU
		Release|Any CPU = Release|Any CPU
	EndGlobalSection
	GlobalSection(ProjectConfigurationPlatforms) = postSolution
		{2AA09C39-625F-4D7F-8B7B-284DF5DF53AB}.Debug|Any CPU.ActiveCfg = Debug|Any CPU
		{2AA09C39-625F-4D7F-8B7B-284DF5DF53AB}.Debug|Any CPU.Build.0 = Debug|Any CPU
		{2AA09C39-625F-4D7F-8B7B-284DF5DF53AB}.Release|Any CPU.ActiveCfg = Release|Any CPU
		{2AA09C39-625F-4D7F-8B7B-284DF5DF53AB}.Release|Any CPU.Build.0 = Release|Any CPU
		{B7EB5DE7-B45A-E91D-518B-797142DA5E44}.Debug|Any CPU.ActiveCfg = Debug|Any CPU
		{B7EB5DE7-B45A-E91D-518B-797142DA5E44}.Debug|Any CPU.Build.0 = Debug|Any CPU
		{B7EB5DE7-B45A-E91D-518B-797142DA5E44}.Release|Any CPU.ActiveCfg = Release|Any CPU
		{B7EB5DE7-B45A-E91D-518B-797142DA5E44}.Release|Any CPU.Build.0 = Release|Any CPU
	EndGlobalSection
	GlobalSection(SolutionProperties) = preSolution
		HideSolutionNode = FALSE
	EndGlobalSection
	GlobalSection(ExtensibilityGlobals) = postSolution
		SolutionGuid = {825A8607-0450-481C-880B-3167B2A486FD}
	EndGlobalSection
EndGlobal
